
Microsoft Visual Studio Solution File, Format Version 12.00
# Visual Studio Version 16
VisualStudioVersion = 16.0.31702.278
MinimumVisualStudioVersion = 10.0.40219.1
Project("{FAE04EC0-301F-11D3-BF4B-00C04F79EFBC}") = "EmailSender", "EmailSender\EmailSender.csproj", "{9863551E-D033-44FA-A093-D292E922F3B9}"
EndProject
Global
	GlobalSection(SolutionConfigurationPlatforms) = preSolution
		Debug|Any CPU = Debug|Any CPU
		Release|Any CPU = Release|Any CPU
	EndGlobalSection
	GlobalSection(ProjectConfigurationPlatforms) = postSolution
		{9863551E-D033-44FA-A093-D292E922F3B9}.Debug|Any CPU.ActiveCfg = Debug|Any CPU
		{9863551E-D033-44FA-A093-D292E922F3B9}.Debug|Any CPU.Build.0 = Debug|Any CPU
		{9863551E-D033-44FA-A093-D292E922F3B9}.Release|Any CPU.ActiveCfg = Release|Any CPU
		{9863551E-D033-44FA-A093-D292E922F3B9}.Release|Any CPU.Build.0 = Release|Any CPU
	EndGlobalSection
	GlobalSection(SolutionProperties) = preSolution
		HideSolutionNode = FALSE
	EndGlobalSection
	GlobalSection(ExtensibilityGlobals) = postSolution
		SolutionGuid = {EDF1E293-D229-4F8C-97A3-D064798D39EE}
	EndGlobalSection
EndGlobal
